
Microsoft Visual Studio Solution File, Format Version 12.00
# Visual Studio 14
VisualStudioVersion = 14.0.25420.1
MinimumVisualStudioVersion = 10.0.40219.1
Project("{FAE04EC0-301F-11D3-BF4B-00C04F79EFBC}") = "Rubik", "Rubik\Rubik.csproj", "{7F582BC7-F6C7-40FA-9C6D-2AAAB7F698FD}"
EndProject
Project("{FAE04EC0-301F-11D3-BF4B-00C04F79EFBC}") = "Rubik.Tests", "Rubik.Tests\Rubik.Tests.csproj", "{62AC7FA4-CF01-43C0-8B34-440AB6209151}"
EndProject
Project("{FAE04EC0-301F-11D3-BF4B-00C04F79EFBC}") = "Rubik.Controls", "Rubik.Controls\Rubik.Controls.csproj", "{6195460C-EA6C-4C91-9A4F-EF96F375888C}"
EndProject
Project("{FAE04EC0-301F-11D3-BF4B-00C04F79EFBC}") = "Rubik.HTML", "Rubik.HTML\Rubik.HTML.csproj", "{2574F603-4B6C-4A30-BFDD-E3BC09EEDFDF}"
EndProject
Project("{FAE04EC0-301F-11D3-BF4B-00C04F79EFBC}") = "TypeScript UI", "typescriptui\Main\TypeScript UI.csproj", "{B40009C5-59E2-4A90-AE98-5B878F56D327}"
EndProject
Project("{2150E333-8FDC-42A3-9474-1A3956D46DE8}") = "xmla", "xmla", "{5FB238E1-24B4-4D6B-8EA4-A5FCD74D98F0}"
	ProjectSection(SolutionItems) = preProject
		xmla4js\src\Xmla.js = xmla4js\src\Xmla.js
	EndProjectSection
EndProject
Global
	GlobalSection(SubversionScc) = preSolution
		Svn-Managed = True
		Manager = AnkhSVN - Subversion Support for Visual Studio
	EndGlobalSection
	GlobalSection(SolutionConfigurationPlatforms) = preSolution
		Debug|Any CPU = Debug|Any CPU
		Release|Any CPU = Release|Any CPU
	EndGlobalSection
	GlobalSection(ProjectConfigurationPlatforms) = postSolution
		{7F582BC7-F6C7-40FA-9C6D-2AAAB7F698FD}.Debug|Any CPU.ActiveCfg = Debug|Any CPU
		{7F582BC7-F6C7-40FA-9C6D-2AAAB7F698FD}.Debug|Any CPU.Build.0 = Debug|Any CPU
		{7F582BC7-F6C7-40FA-9C6D-2AAAB7F698FD}.Release|Any CPU.ActiveCfg = Release|Any CPU
		{7F582BC7-F6C7-40FA-9C6D-2AAAB7F698FD}.Release|Any CPU.Build.0 = Release|Any CPU
		{62AC7FA4-CF01-43C0-8B34-440AB6209151}.Debug|Any CPU.ActiveCfg = Debug|Any CPU
		{62AC7FA4-CF01-43C0-8B34-440AB6209151}.Debug|Any CPU.Build.0 = Debug|Any CPU
		{62AC7FA4-CF01-43C0-8B34-440AB6209151}.Release|Any CPU.ActiveCfg = Release|Any CPU
		{62AC7FA4-CF01-43C0-8B34-440AB6209151}.Release|Any CPU.Build.0 = Release|Any CPU
		{6195460C-EA6C-4C91-9A4F-EF96F375888C}.Debug|Any CPU.ActiveCfg = Debug|Any CPU
		{6195460C-EA6C-4C91-9A4F-EF96F375888C}.Debug|Any CPU.Build.0 = Debug|Any CPU
		{6195460C-EA6C-4C91-9A4F-EF96F375888C}.Release|Any CPU.ActiveCfg = Release|Any CPU
		{6195460C-EA6C-4C91-9A4F-EF96F375888C}.Release|Any CPU.Build.0 = Release|Any CPU
		{2574F603-4B6C-4A30-BFDD-E3BC09EEDFDF}.Debug|Any CPU.ActiveCfg = Debug|Any CPU
		{2574F603-4B6C-4A30-BFDD-E3BC09EEDFDF}.Debug|Any CPU.Build.0 = Debug|Any CPU
		{2574F603-4B6C-4A30-BFDD-E3BC09EEDFDF}.Release|Any CPU.ActiveCfg = Release|Any CPU
		{2574F603-4B6C-4A30-BFDD-E3BC09EEDFDF}.Release|Any CPU.Build.0 = Release|Any CPU
		{B40009C5-59E2-4A90-AE98-5B878F56D327}.Debug|Any CPU.ActiveCfg = Debug|Any CPU
		{B40009C5-59E2-4A90-AE98-5B878F56D327}.Debug|Any CPU.Build.0 = Debug|Any CPU
		{B40009C5-59E2-4A90-AE98-5B878F56D327}.Release|Any CPU.ActiveCfg = Release|Any CPU
		{B40009C5-59E2-4A90-AE98-5B878F56D327}.Release|Any CPU.Build.0 = Release|Any CPU
	EndGlobalSection
	GlobalSection(SolutionProperties) = preSolution
		HideSolutionNode = FALSE
	EndGlobalSection
	GlobalSection(ExtensibilityGlobals) = postSolution
		SolutionGuid = {BDC92DC8-D86D-4895-A0EF-EB841ED42DBD}
	EndGlobalSection
EndGlobal
